// !$*UTF8*$!
{
	archiveVersion = 1;
	classes = {
	};
	objectVersion = 56;
	objects = {

/* Begin PBXBuildFile section */
		5E5FF1B82986595400DB0B61 /* EndPointTypeProtocol.swift in Sources */ = {isa = PBXBuildFile; fileRef = 5E5FF1B72986595400DB0B61 /* EndPointTypeProtocol.swift */; };
		5E5FF1BA2986597100DB0B61 /* HttpMethod.swift in Sources */ = {isa = PBXBuildFile; fileRef = 5E5FF1B92986597100DB0B61 /* HttpMethod.swift */; };
		5E5FF1BC2986597C00DB0B61 /* HttpTask.swift in Sources */ = {isa = PBXBuildFile; fileRef = 5E5FF1BB2986597C00DB0B61 /* HttpTask.swift */; };
		5E5FF1BE2986598800DB0B61 /* HttpHeaders.swift in Sources */ = {isa = PBXBuildFile; fileRef = 5E5FF1BD2986598800DB0B61 /* HttpHeaders.swift */; };
		5E5FF1C0298659FC00DB0B61 /* Parameters.swift in Sources */ = {isa = PBXBuildFile; fileRef = 5E5FF1BF298659FC00DB0B61 /* Parameters.swift */; };
		5E5FF1C229865A1100DB0B61 /* ParameterEncoderProtocol.swift in Sources */ = {isa = PBXBuildFile; fileRef = 5E5FF1C129865A1100DB0B61 /* ParameterEncoderProtocol.swift */; };
		5E5FF1C429865A2300DB0B61 /* URLParameterEncoder.swift in Sources */ = {isa = PBXBuildFile; fileRef = 5E5FF1C329865A2300DB0B61 /* URLParameterEncoder.swift */; };
		5E5FF1C629865A3400DB0B61 /* JSONParameterEncoder.swift in Sources */ = {isa = PBXBuildFile; fileRef = 5E5FF1C529865A3400DB0B61 /* JSONParameterEncoder.swift */; };
		F9A761C42975CF63003DE6F8 /* AppDelegate.swift in Sources */ = {isa = PBXBuildFile; fileRef = F9A761C32975CF63003DE6F8 /* AppDelegate.swift */; };
		F9A761C62975CF63003DE6F8 /* SceneDelegate.swift in Sources */ = {isa = PBXBuildFile; fileRef = F9A761C52975CF63003DE6F8 /* SceneDelegate.swift */; };
		F9A761C82975CF63003DE6F8 /* LaunchScreenViewController.swift in Sources */ = {isa = PBXBuildFile; fileRef = F9A761C72975CF63003DE6F8 /* LaunchScreenViewController.swift */; };
		F9A761CE2975CF63003DE6F8 /* RedditMessenger.xcdatamodeld in Sources */ = {isa = PBXBuildFile; fileRef = F9A761CC2975CF63003DE6F8 /* RedditMessenger.xcdatamodeld */; };
		F9A761D02975CF65003DE6F8 /* Assets.xcassets in Resources */ = {isa = PBXBuildFile; fileRef = F9A761CF2975CF65003DE6F8 /* Assets.xcassets */; };
		F9A761D32975CF65003DE6F8 /* LaunchScreen.storyboard in Resources */ = {isa = PBXBuildFile; fileRef = F9A761D12975CF65003DE6F8 /* LaunchScreen.storyboard */; };
		F9A761DC297700B3003DE6F8 /* Router.swift in Sources */ = {isa = PBXBuildFile; fileRef = F9A761DB297700B3003DE6F8 /* Router.swift */; };
		F9A761DE297700C6003DE6F8 /* AssemblyBuilder.swift in Sources */ = {isa = PBXBuildFile; fileRef = F9A761DD297700C6003DE6F8 /* AssemblyBuilder.swift */; };
		F9A761E1297709AF003DE6F8 /* SnapKit in Frameworks */ = {isa = PBXBuildFile; productRef = F9A761E0297709AF003DE6F8 /* SnapKit */; };
		F9A761E529770B17003DE6F8 /* SignInView.swift in Sources */ = {isa = PBXBuildFile; fileRef = F9A761E429770B17003DE6F8 /* SignInView.swift */; };
		F9A761E729770C8D003DE6F8 /* LaunchScreenPresenter.swift in Sources */ = {isa = PBXBuildFile; fileRef = F9A761E629770C8D003DE6F8 /* LaunchScreenPresenter.swift */; };
		F9A761E92979930D003DE6F8 /* SignInController.swift in Sources */ = {isa = PBXBuildFile; fileRef = F9A761E82979930D003DE6F8 /* SignInController.swift */; };
		F9A761EC2979A580003DE6F8 /* AuthorizationViewController.swift in Sources */ = {isa = PBXBuildFile; fileRef = F9A761EB2979A580003DE6F8 /* AuthorizationViewController.swift */; };
		F9A761EE2979A5BA003DE6F8 /* AuthorizationPresenter.swift in Sources */ = {isa = PBXBuildFile; fileRef = F9A761ED2979A5BA003DE6F8 /* AuthorizationPresenter.swift */; };
/* End PBXBuildFile section */

/* Begin PBXFileReference section */
		5E5FF1B72986595400DB0B61 /* EndPointTypeProtocol.swift */ = {isa = PBXFileReference; lastKnownFileType = sourcecode.swift; path = EndPointTypeProtocol.swift; sourceTree = "<group>"; };
		5E5FF1B92986597100DB0B61 /* HttpMethod.swift */ = {isa = PBXFileReference; lastKnownFileType = sourcecode.swift; path = HttpMethod.swift; sourceTree = "<group>"; };
		5E5FF1BB2986597C00DB0B61 /* HttpTask.swift */ = {isa = PBXFileReference; lastKnownFileType = sourcecode.swift; path = HttpTask.swift; sourceTree = "<group>"; };
		5E5FF1BD2986598800DB0B61 /* HttpHeaders.swift */ = {isa = PBXFileReference; lastKnownFileType = sourcecode.swift; path = HttpHeaders.swift; sourceTree = "<group>"; };
		5E5FF1BF298659FC00DB0B61 /* Parameters.swift */ = {isa = PBXFileReference; lastKnownFileType = sourcecode.swift; path = Parameters.swift; sourceTree = "<group>"; };
		5E5FF1C129865A1100DB0B61 /* ParameterEncoderProtocol.swift */ = {isa = PBXFileReference; lastKnownFileType = sourcecode.swift; path = ParameterEncoderProtocol.swift; sourceTree = "<group>"; };
		5E5FF1C329865A2300DB0B61 /* URLParameterEncoder.swift */ = {isa = PBXFileReference; lastKnownFileType = sourcecode.swift; path = URLParameterEncoder.swift; sourceTree = "<group>"; };
		5E5FF1C529865A3400DB0B61 /* JSONParameterEncoder.swift */ = {isa = PBXFileReference; lastKnownFileType = sourcecode.swift; path = JSONParameterEncoder.swift; sourceTree = "<group>"; };
		F9A761C02975CF63003DE6F8 /* RedditMessenger.app */ = {isa = PBXFileReference; explicitFileType = wrapper.application; includeInIndex = 0; path = RedditMessenger.app; sourceTree = BUILT_PRODUCTS_DIR; };
		F9A761C32975CF63003DE6F8 /* AppDelegate.swift */ = {isa = PBXFileReference; lastKnownFileType = sourcecode.swift; path = AppDelegate.swift; sourceTree = "<group>"; };
		F9A761C52975CF63003DE6F8 /* SceneDelegate.swift */ = {isa = PBXFileReference; lastKnownFileType = sourcecode.swift; path = SceneDelegate.swift; sourceTree = "<group>"; };
		F9A761C72975CF63003DE6F8 /* LaunchScreenViewController.swift */ = {isa = PBXFileReference; lastKnownFileType = sourcecode.swift; path = LaunchScreenViewController.swift; sourceTree = "<group>"; };
		F9A761CD2975CF63003DE6F8 /* RedditMessenger.xcdatamodel */ = {isa = PBXFileReference; lastKnownFileType = wrapper.xcdatamodel; path = RedditMessenger.xcdatamodel; sourceTree = "<group>"; };
		F9A761CF2975CF65003DE6F8 /* Assets.xcassets */ = {isa = PBXFileReference; lastKnownFileType = folder.assetcatalog; path = Assets.xcassets; sourceTree = "<group>"; };
		F9A761D22975CF65003DE6F8 /* Base */ = {isa = PBXFileReference; lastKnownFileType = file.storyboard; name = Base; path = Base.lproj/LaunchScreen.storyboard; sourceTree = "<group>"; };
		F9A761D42975CF65003DE6F8 /* Info.plist */ = {isa = PBXFileReference; lastKnownFileType = text.plist.xml; path = Info.plist; sourceTree = "<group>"; };
		F9A761DB297700B3003DE6F8 /* Router.swift */ = {isa = PBXFileReference; lastKnownFileType = sourcecode.swift; path = Router.swift; sourceTree = "<group>"; };
		F9A761DD297700C6003DE6F8 /* AssemblyBuilder.swift */ = {isa = PBXFileReference; lastKnownFileType = sourcecode.swift; path = AssemblyBuilder.swift; sourceTree = "<group>"; };
		F9A761E429770B17003DE6F8 /* SignInView.swift */ = {isa = PBXFileReference; lastKnownFileType = sourcecode.swift; path = SignInView.swift; sourceTree = "<group>"; };
		F9A761E629770C8D003DE6F8 /* LaunchScreenPresenter.swift */ = {isa = PBXFileReference; lastKnownFileType = sourcecode.swift; path = LaunchScreenPresenter.swift; sourceTree = "<group>"; };
		F9A761E82979930D003DE6F8 /* SignInController.swift */ = {isa = PBXFileReference; lastKnownFileType = sourcecode.swift; path = SignInController.swift; sourceTree = "<group>"; };
		F9A761EB2979A580003DE6F8 /* AuthorizationViewController.swift */ = {isa = PBXFileReference; lastKnownFileType = sourcecode.swift; path = AuthorizationViewController.swift; sourceTree = "<group>"; };
		F9A761ED2979A5BA003DE6F8 /* AuthorizationPresenter.swift */ = {isa = PBXFileReference; lastKnownFileType = sourcecode.swift; path = AuthorizationPresenter.swift; sourceTree = "<group>"; };
/* End PBXFileReference section */

/* Begin PBXFrameworksBuildPhase section */
		F9A761BD2975CF63003DE6F8 /* Frameworks */ = {
			isa = PBXFrameworksBuildPhase;
			buildActionMask = 2147483647;
			files = (
				F9A761E1297709AF003DE6F8 /* SnapKit in Frameworks */,
			);
			runOnlyForDeploymentPostprocessing = 0;
		};
/* End PBXFrameworksBuildPhase section */

/* Begin PBXGroup section */
		5E5FF1B2298658B900DB0B61 /* NetworkLayer */ = {
			isa = PBXGroup;
			children = (
				5E5FF1B3298658C700DB0B61 /* Manager */,
				5E5FF1B6298658F400DB0B61 /* EndPoint */,
				5E5FF1B5298658EA00DB0B61 /* Encoding */,
				5E5FF1B4298658E300DB0B61 /* Service */,
			);
			path = NetworkLayer;
			sourceTree = "<group>";
		};
		5E5FF1B3298658C700DB0B61 /* Manager */ = {
			isa = PBXGroup;
			children = (
			);
			path = Manager;
			sourceTree = "<group>";
		};
		5E5FF1B4298658E300DB0B61 /* Service */ = {
			isa = PBXGroup;
			children = (
				5E5FF1B72986595400DB0B61 /* EndPointTypeProtocol.swift */,
				5E5FF1B92986597100DB0B61 /* HttpMethod.swift */,
				5E5FF1BB2986597C00DB0B61 /* HttpTask.swift */,
				5E5FF1BD2986598800DB0B61 /* HttpHeaders.swift */,
			);
			path = Service;
			sourceTree = "<group>";
		};
		5E5FF1B5298658EA00DB0B61 /* Encoding */ = {
			isa = PBXGroup;
			children = (
				5E5FF1BF298659FC00DB0B61 /* Parameters.swift */,
				5E5FF1C129865A1100DB0B61 /* ParameterEncoderProtocol.swift */,
				5E5FF1C329865A2300DB0B61 /* URLParameterEncoder.swift */,
				5E5FF1C529865A3400DB0B61 /* JSONParameterEncoder.swift */,
			);
			path = Encoding;
			sourceTree = "<group>";
		};
		5E5FF1B6298658F400DB0B61 /* EndPoint */ = {
			isa = PBXGroup;
			children = (
			);
			path = EndPoint;
			sourceTree = "<group>";
		};
		F9A761B72975CF63003DE6F8 = {
			isa = PBXGroup;
			children = (
				F9A761C22975CF63003DE6F8 /* RedditMessenger */,
				F9A761C12975CF63003DE6F8 /* Products */,
			);
			sourceTree = "<group>";
		};
		F9A761C12975CF63003DE6F8 /* Products */ = {
			isa = PBXGroup;
			children = (
				F9A761C02975CF63003DE6F8 /* RedditMessenger.app */,
			);
			name = Products;
			sourceTree = "<group>";
		};
		F9A761C22975CF63003DE6F8 /* RedditMessenger */ = {
			isa = PBXGroup;
			children = (
				5E5FF1B2298658B900DB0B61 /* NetworkLayer */,
				F9A761EA2979A52B003DE6F8 /* AuthorisationModule */,
				F9A761E329770A78003DE6F8 /* SignInModule */,
				F9A761E229770A24003DE6F8 /* LaunchScreenModule */,
				F9A761DA297700A8003DE6F8 /* Router */,
				F9A761C32975CF63003DE6F8 /* AppDelegate.swift */,
				F9A761C52975CF63003DE6F8 /* SceneDelegate.swift */,
				F9A761CF2975CF65003DE6F8 /* Assets.xcassets */,
				F9A761D42975CF65003DE6F8 /* Info.plist */,
				F9A761CC2975CF63003DE6F8 /* RedditMessenger.xcdatamodeld */,
			);
			path = RedditMessenger;
			sourceTree = "<group>";
		};
		F9A761DA297700A8003DE6F8 /* Router */ = {
			isa = PBXGroup;
			children = (
				F9A761DB297700B3003DE6F8 /* Router.swift */,
				F9A761DD297700C6003DE6F8 /* AssemblyBuilder.swift */,
			);
			path = Router;
			sourceTree = "<group>";
		};
		F9A761E229770A24003DE6F8 /* LaunchScreenModule */ = {
			isa = PBXGroup;
			children = (
				F9A761C72975CF63003DE6F8 /* LaunchScreenViewController.swift */,
				F9A761D12975CF65003DE6F8 /* LaunchScreen.storyboard */,
				F9A761E629770C8D003DE6F8 /* LaunchScreenPresenter.swift */,
			);
			path = LaunchScreenModule;
			sourceTree = "<group>";
		};
		F9A761E329770A78003DE6F8 /* SignInModule */ = {
			isa = PBXGroup;
			children = (
				F9A761E429770B17003DE6F8 /* SignInView.swift */,
				F9A761E82979930D003DE6F8 /* SignInController.swift */,
			);
			path = SignInModule;
			sourceTree = "<group>";
		};
		F9A761EA2979A52B003DE6F8 /* AuthorisationModule */ = {
			isa = PBXGroup;
			children = (
				F9A761EB2979A580003DE6F8 /* AuthorizationViewController.swift */,
				F9A761ED2979A5BA003DE6F8 /* AuthorizationPresenter.swift */,
			);
			path = AuthorisationModule;
			sourceTree = "<group>";
		};
/* End PBXGroup section */

/* Begin PBXNativeTarget section */
		F9A761BF2975CF63003DE6F8 /* RedditMessenger */ = {
			isa = PBXNativeTarget;
			buildConfigurationList = F9A761D72975CF65003DE6F8 /* Build configuration list for PBXNativeTarget "RedditMessenger" */;
			buildPhases = (
				F9A761BC2975CF63003DE6F8 /* Sources */,
				F9A761BD2975CF63003DE6F8 /* Frameworks */,
				F9A761BE2975CF63003DE6F8 /* Resources */,
			);
			buildRules = (
			);
			dependencies = (
			);
			name = RedditMessenger;
			packageProductDependencies = (
				F9A761E0297709AF003DE6F8 /* SnapKit */,
			);
			productName = RedditMessenger;
			productReference = F9A761C02975CF63003DE6F8 /* RedditMessenger.app */;
			productType = "com.apple.product-type.application";
		};
/* End PBXNativeTarget section */

/* Begin PBXProject section */
		F9A761B82975CF63003DE6F8 /* Project object */ = {
			isa = PBXProject;
			attributes = {
				BuildIndependentTargetsInParallel = 1;
				LastSwiftUpdateCheck = 1410;
				LastUpgradeCheck = 1410;
				TargetAttributes = {
					F9A761BF2975CF63003DE6F8 = {
						CreatedOnToolsVersion = 14.1;
					};
				};
			};
			buildConfigurationList = F9A761BB2975CF63003DE6F8 /* Build configuration list for PBXProject "RedditMessenger" */;
			compatibilityVersion = "Xcode 14.0";
			developmentRegion = en;
			hasScannedForEncodings = 0;
			knownRegions = (
				en,
				Base,
			);
			mainGroup = F9A761B72975CF63003DE6F8;
			packageReferences = (
				F9A761DF297709AF003DE6F8 /* XCRemoteSwiftPackageReference "SnapKit" */,
			);
			productRefGroup = F9A761C12975CF63003DE6F8 /* Products */;
			projectDirPath = "";
			projectRoot = "";
			targets = (
				F9A761BF2975CF63003DE6F8 /* RedditMessenger */,
			);
		};
/* End PBXProject section */

/* Begin PBXResourcesBuildPhase section */
		F9A761BE2975CF63003DE6F8 /* Resources */ = {
			isa = PBXResourcesBuildPhase;
			buildActionMask = 2147483647;
			files = (
				F9A761D32975CF65003DE6F8 /* LaunchScreen.storyboard in Resources */,
				F9A761D02975CF65003DE6F8 /* Assets.xcassets in Resources */,
			);
			runOnlyForDeploymentPostprocessing = 0;
		};
/* End PBXResourcesBuildPhase section */

/* Begin PBXSourcesBuildPhase section */
		F9A761BC2975CF63003DE6F8 /* Sources */ = {
			isa = PBXSourcesBuildPhase;
			buildActionMask = 2147483647;
			files = (
				F9A761E529770B17003DE6F8 /* SignInView.swift in Sources */,
				F9A761E729770C8D003DE6F8 /* LaunchScreenPresenter.swift in Sources */,
				5E5FF1BA2986597100DB0B61 /* HttpMethod.swift in Sources */,
				5E5FF1C229865A1100DB0B61 /* ParameterEncoderProtocol.swift in Sources */,
				F9A761C82975CF63003DE6F8 /* LaunchScreenViewController.swift in Sources */,
				F9A761EC2979A580003DE6F8 /* AuthorizationViewController.swift in Sources */,
				F9A761E92979930D003DE6F8 /* SignInController.swift in Sources */,
				F9A761CE2975CF63003DE6F8 /* RedditMessenger.xcdatamodeld in Sources */,
				5E5FF1C429865A2300DB0B61 /* URLParameterEncoder.swift in Sources */,
				F9A761DC297700B3003DE6F8 /* Router.swift in Sources */,
				F9A761C42975CF63003DE6F8 /* AppDelegate.swift in Sources */,
				F9A761C62975CF63003DE6F8 /* SceneDelegate.swift in Sources */,
				5E5FF1BC2986597C00DB0B61 /* HttpTask.swift in Sources */,
				5E5FF1BE2986598800DB0B61 /* HttpHeaders.swift in Sources */,
				F9A761DE297700C6003DE6F8 /* AssemblyBuilder.swift in Sources */,
				5E5FF1B82986595400DB0B61 /* EndPointTypeProtocol.swift in Sources */,
				F9A761EE2979A5BA003DE6F8 /* AuthorizationPresenter.swift in Sources */,
				5E5FF1C0298659FC00DB0B61 /* Parameters.swift in Sources */,
				5E5FF1C629865A3400DB0B61 /* JSONParameterEncoder.swift in Sources */,
			);
			runOnlyForDeploymentPostprocessing = 0;
		};
/* End PBXSourcesBuildPhase section */

/* Begin PBXVariantGroup section */
		F9A761D12975CF65003DE6F8 /* LaunchScreen.storyboard */ = {
			isa = PBXVariantGroup;
			children = (
				F9A761D22975CF65003DE6F8 /* Base */,
			);
			name = LaunchScreen.storyboard;
			sourceTree = "<group>";
		};
/* End PBXVariantGroup section */

/* Begin XCBuildConfiguration section */
		F9A761D52975CF65003DE6F8 /* Debug */ = {
			isa = XCBuildConfiguration;
			buildSettings = {
				ALWAYS_SEARCH_USER_PATHS = NO;
				CLANG_ANALYZER_NONNULL = YES;
				CLANG_ANALYZER_NUMBER_OBJECT_CONVERSION = YES_AGGRESSIVE;
				CLANG_CXX_LANGUAGE_STANDARD = "gnu++20";
				CLANG_ENABLE_MODULES = YES;
				CLANG_ENABLE_OBJC_ARC = YES;
				CLANG_ENABLE_OBJC_WEAK = YES;
				CLANG_WARN_BLOCK_CAPTURE_AUTORELEASING = YES;
				CLANG_WARN_BOOL_CONVERSION = YES;
				CLANG_WARN_COMMA = YES;
				CLANG_WARN_CONSTANT_CONVERSION = YES;
				CLANG_WARN_DEPRECATED_OBJC_IMPLEMENTATIONS = YES;
				CLANG_WARN_DIRECT_OBJC_ISA_USAGE = YES_ERROR;
				CLANG_WARN_DOCUMENTATION_COMMENTS = YES;
				CLANG_WARN_EMPTY_BODY = YES;
				CLANG_WARN_ENUM_CONVERSION = YES;
				CLANG_WARN_INFINITE_RECURSION = YES;
				CLANG_WARN_INT_CONVERSION = YES;
				CLANG_WARN_NON_LITERAL_NULL_CONVERSION = YES;
				CLANG_WARN_OBJC_IMPLICIT_RETAIN_SELF = YES;
				CLANG_WARN_OBJC_LITERAL_CONVERSION = YES;
				CLANG_WARN_OBJC_ROOT_CLASS = YES_ERROR;
				CLANG_WARN_QUOTED_INCLUDE_IN_FRAMEWORK_HEADER = YES;
				CLANG_WARN_RANGE_LOOP_ANALYSIS = YES;
				CLANG_WARN_STRICT_PROTOTYPES = YES;
				CLANG_WARN_SUSPICIOUS_MOVE = YES;
				CLANG_WARN_UNGUARDED_AVAILABILITY = YES_AGGRESSIVE;
				CLANG_WARN_UNREACHABLE_CODE = YES;
				CLANG_WARN__DUPLICATE_METHOD_MATCH = YES;
				COPY_PHASE_STRIP = NO;
				DEBUG_INFORMATION_FORMAT = dwarf;
				ENABLE_STRICT_OBJC_MSGSEND = YES;
				ENABLE_TESTABILITY = YES;
				GCC_C_LANGUAGE_STANDARD = gnu11;
				GCC_DYNAMIC_NO_PIC = NO;
				GCC_NO_COMMON_BLOCKS = YES;
				GCC_OPTIMIZATION_LEVEL = 0;
				GCC_PREPROCESSOR_DEFINITIONS = (
					"DEBUG=1",
					"$(inherited)",
				);
				GCC_WARN_64_TO_32_BIT_CONVERSION = YES;
				GCC_WARN_ABOUT_RETURN_TYPE = YES_ERROR;
				GCC_WARN_UNDECLARED_SELECTOR = YES;
				GCC_WARN_UNINITIALIZED_AUTOS = YES_AGGRESSIVE;
				GCC_WARN_UNUSED_FUNCTION = YES;
				GCC_WARN_UNUSED_VARIABLE = YES;
				IPHONEOS_DEPLOYMENT_TARGET = 16.1;
				MTL_ENABLE_DEBUG_INFO = INCLUDE_SOURCE;
				MTL_FAST_MATH = YES;
				ONLY_ACTIVE_ARCH = YES;
				SDKROOT = iphoneos;
				SWIFT_ACTIVE_COMPILATION_CONDITIONS = DEBUG;
				SWIFT_OPTIMIZATION_LEVEL = "-Onone";
			};
			name = Debug;
		};
		F9A761D62975CF65003DE6F8 /* Release */ = {
			isa = XCBuildConfiguration;
			buildSettings = {
				ALWAYS_SEARCH_USER_PATHS = NO;
				CLANG_ANALYZER_NONNULL = YES;
				CLANG_ANALYZER_NUMBER_OBJECT_CONVERSION = YES_AGGRESSIVE;
				CLANG_CXX_LANGUAGE_STANDARD = "gnu++20";
				CLANG_ENABLE_MODULES = YES;
				CLANG_ENABLE_OBJC_ARC = YES;
				CLANG_ENABLE_OBJC_WEAK = YES;
				CLANG_WARN_BLOCK_CAPTURE_AUTORELEASING = YES;
				CLANG_WARN_BOOL_CONVERSION = YES;
				CLANG_WARN_COMMA = YES;
				CLANG_WARN_CONSTANT_CONVERSION = YES;
				CLANG_WARN_DEPRECATED_OBJC_IMPLEMENTATIONS = YES;
				CLANG_WARN_DIRECT_OBJC_ISA_USAGE = YES_ERROR;
				CLANG_WARN_DOCUMENTATION_COMMENTS = YES;
				CLANG_WARN_EMPTY_BODY = YES;
				CLANG_WARN_ENUM_CONVERSION = YES;
				CLANG_WARN_INFINITE_RECURSION = YES;
				CLANG_WARN_INT_CONVERSION = YES;
				CLANG_WARN_NON_LITERAL_NULL_CONVERSION = YES;
				CLANG_WARN_OBJC_IMPLICIT_RETAIN_SELF = YES;
				CLANG_WARN_OBJC_LITERAL_CONVERSION = YES;
				CLANG_WARN_OBJC_ROOT_CLASS = YES_ERROR;
				CLANG_WARN_QUOTED_INCLUDE_IN_FRAMEWORK_HEADER = YES;
				CLANG_WARN_RANGE_LOOP_ANALYSIS = YES;
				CLANG_WARN_STRICT_PROTOTYPES = YES;
				CLANG_WARN_SUSPICIOUS_MOVE = YES;
				CLANG_WARN_UNGUARDED_AVAILABILITY = YES_AGGRESSIVE;
				CLANG_WARN_UNREACHABLE_CODE = YES;
				CLANG_WARN__DUPLICATE_METHOD_MATCH = YES;
				COPY_PHASE_STRIP = NO;
				DEBUG_INFORMATION_FORMAT = "dwarf-with-dsym";
				ENABLE_NS_ASSERTIONS = NO;
				ENABLE_STRICT_OBJC_MSGSEND = YES;
				GCC_C_LANGUAGE_STANDARD = gnu11;
				GCC_NO_COMMON_BLOCKS = YES;
				GCC_WARN_64_TO_32_BIT_CONVERSION = YES;
				GCC_WARN_ABOUT_RETURN_TYPE = YES_ERROR;
				GCC_WARN_UNDECLARED_SELECTOR = YES;
				GCC_WARN_UNINITIALIZED_AUTOS = YES_AGGRESSIVE;
				GCC_WARN_UNUSED_FUNCTION = YES;
				GCC_WARN_UNUSED_VARIABLE = YES;
				IPHONEOS_DEPLOYMENT_TARGET = 16.1;
				MTL_ENABLE_DEBUG_INFO = NO;
				MTL_FAST_MATH = YES;
				SDKROOT = iphoneos;
				SWIFT_COMPILATION_MODE = wholemodule;
				SWIFT_OPTIMIZATION_LEVEL = "-O";
				VALIDATE_PRODUCT = YES;
			};
			name = Release;
		};
		F9A761D82975CF65003DE6F8 /* Debug */ = {
			isa = XCBuildConfiguration;
			buildSettings = {
				ASSETCATALOG_COMPILER_APPICON_NAME = AppIcon;
				ASSETCATALOG_COMPILER_GLOBAL_ACCENT_COLOR_NAME = AccentColor;
				CODE_SIGN_STYLE = Automatic;
				CURRENT_PROJECT_VERSION = 1;
				DEVELOPMENT_TEAM = 3N8G2G522U;
				GENERATE_INFOPLIST_FILE = YES;
				INFOPLIST_FILE = RedditMessenger/Info.plist;
				INFOPLIST_KEY_UIApplicationSupportsIndirectInputEvents = YES;
				INFOPLIST_KEY_UILaunchStoryboardName = LaunchScreen;
				INFOPLIST_KEY_UISupportedInterfaceOrientations_iPad = "UIInterfaceOrientationPortrait UIInterfaceOrientationPortraitUpsideDown UIInterfaceOrientationLandscapeLeft UIInterfaceOrientationLandscapeRight";
				INFOPLIST_KEY_UISupportedInterfaceOrientations_iPhone = "UIInterfaceOrientationPortrait UIInterfaceOrientationLandscapeLeft UIInterfaceOrientationLandscapeRight";
				LD_RUNPATH_SEARCH_PATHS = (
					"$(inherited)",
					"@executable_path/Frameworks",
				);
				MARKETING_VERSION = 1.0;
				PRODUCT_BUNDLE_IDENTIFIER = iOliver.RedditMessenger;
				PRODUCT_NAME = "$(TARGET_NAME)";
				SWIFT_EMIT_LOC_STRINGS = YES;
				SWIFT_VERSION = 5.0;
				TARGETED_DEVICE_FAMILY = "1,2";
			};
			name = Debug;
		};
		F9A761D92975CF65003DE6F8 /* Release */ = {
			isa = XCBuildConfiguration;
			buildSettings = {
				ASSETCATALOG_COMPILER_APPICON_NAME = AppIcon;
				ASSETCATALOG_COMPILER_GLOBAL_ACCENT_COLOR_NAME = AccentColor;
				CODE_SIGN_STYLE = Automatic;
				CURRENT_PROJECT_VERSION = 1;
				DEVELOPMENT_TEAM = 3N8G2G522U;
				GENERATE_INFOPLIST_FILE = YES;
				INFOPLIST_FILE = RedditMessenger/Info.plist;
				INFOPLIST_KEY_UIApplicationSupportsIndirectInputEvents = YES;
				INFOPLIST_KEY_UILaunchStoryboardName = LaunchScreen;
				INFOPLIST_KEY_UISupportedInterfaceOrientations_iPad = "UIInterfaceOrientationPortrait UIInterfaceOrientationPortraitUpsideDown UIInterfaceOrientationLandscapeLeft UIInterfaceOrientationLandscapeRight";
				INFOPLIST_KEY_UISupportedInterfaceOrientations_iPhone = "UIInterfaceOrientationPortrait UIInterfaceOrientationLandscapeLeft UIInterfaceOrientationLandscapeRight";
				LD_RUNPATH_SEARCH_PATHS = (
					"$(inherited)",
					"@executable_path/Frameworks",
				);
				MARKETING_VERSION = 1.0;
				PRODUCT_BUNDLE_IDENTIFIER = iOliver.RedditMessenger;
				PRODUCT_NAME = "$(TARGET_NAME)";
				SWIFT_EMIT_LOC_STRINGS = YES;
				SWIFT_VERSION = 5.0;
				TARGETED_DEVICE_FAMILY = "1,2";
			};
			name = Release;
		};
/* End XCBuildConfiguration section */

/* Begin XCConfigurationList section */
		F9A761BB2975CF63003DE6F8 /* Build configuration list for PBXProject "RedditMessenger" */ = {
			isa = XCConfigurationList;
			buildConfigurations = (
				F9A761D52975CF65003DE6F8 /* Debug */,
				F9A761D62975CF65003DE6F8 /* Release */,
			);
			defaultConfigurationIsVisible = 0;
			defaultConfigurationName = Release;
		};
		F9A761D72975CF65003DE6F8 /* Build configuration list for PBXNativeTarget "RedditMessenger" */ = {
			isa = XCConfigurationList;
			buildConfigurations = (
				F9A761D82975CF65003DE6F8 /* Debug */,
				F9A761D92975CF65003DE6F8 /* Release */,
			);
			defaultConfigurationIsVisible = 0;
			defaultConfigurationName = Release;
		};
/* End XCConfigurationList section */

/* Begin XCRemoteSwiftPackageReference section */
		F9A761DF297709AF003DE6F8 /* XCRemoteSwiftPackageReference "SnapKit" */ = {
			isa = XCRemoteSwiftPackageReference;
			repositoryURL = "https://github.com/SnapKit/SnapKit?ysclid=lbrpj6ux8j405663939";
			requirement = {
				branch = develop;
				kind = branch;
			};
		};
/* End XCRemoteSwiftPackageReference section */

/* Begin XCSwiftPackageProductDependency section */
		F9A761E0297709AF003DE6F8 /* SnapKit */ = {
			isa = XCSwiftPackageProductDependency;
			package = F9A761DF297709AF003DE6F8 /* XCRemoteSwiftPackageReference "SnapKit" */;
			productName = SnapKit;
		};
/* End XCSwiftPackageProductDependency section */

/* Begin XCVersionGroup section */
		F9A761CC2975CF63003DE6F8 /* RedditMessenger.xcdatamodeld */ = {
			isa = XCVersionGroup;
			children = (
				F9A761CD2975CF63003DE6F8 /* RedditMessenger.xcdatamodel */,
			);
			currentVersion = F9A761CD2975CF63003DE6F8 /* RedditMessenger.xcdatamodel */;
			path = RedditMessenger.xcdatamodeld;
			sourceTree = "<group>";
			versionGroupType = wrapper.xcdatamodel;
		};
/* End XCVersionGroup section */
	};
	rootObject = F9A761B82975CF63003DE6F8 /* Project object */;
}
